// !$*UTF8*$!
{
	archiveVersion = 1;
	classes = {
	};
	objectVersion = 55;
	objects = {

/* Begin PBXBuildFile section */
		B908069528D8145C00BB12A5 /* libIndentFloods.dylib in Frameworks */ = {isa = PBXBuildFile; fileRef = B908069128D8144D00BB12A5 /* libIndentFloods.dylib */; };
		B908069628D8145C00BB12A5 /* libIndentFloods.dylib in Embed Libraries */ = {isa = PBXBuildFile; fileRef = B908069128D8144D00BB12A5 /* libIndentFloods.dylib */; settings = {ATTRIBUTES = (CodeSignOnCopy, ); }; };
		B908069928D815C100BB12A5 /* LineLength.cpp in Sources */ = {isa = PBXBuildFile; fileRef = B9E8FEB828B57C65009558BB /* LineLength.cpp */; };
		B908069A28D815C100BB12A5 /* Indent.cpp in Sources */ = {isa = PBXBuildFile; fileRef = B9E8FE9A28B42B11009558BB /* Indent.cpp */; };
		B908069B28D815C100BB12A5 /* Allowance.cpp in Sources */ = {isa = PBXBuildFile; fileRef = B9E8FEBA28B57E8C009558BB /* Allowance.cpp */; };
		B908069C28D815C100BB12A5 /* inserters.cpp in Sources */ = {isa = PBXBuildFile; fileRef = B9E8FEBC28B5A7EB009558BB /* inserters.cpp */; };
		B90806A528D815DE00BB12A5 /* inserters.cpp in Sources */ = {isa = PBXBuildFile; fileRef = B9E8FEBC28B5A7EB009558BB /* inserters.cpp */; };
		B90806A628D815DE00BB12A5 /* LineLength.cpp in Sources */ = {isa = PBXBuildFile; fileRef = B9E8FEB828B57C65009558BB /* LineLength.cpp */; };
		B90806A728D815DE00BB12A5 /* Allowance.cpp in Sources */ = {isa = PBXBuildFile; fileRef = B9E8FEBA28B57E8C009558BB /* Allowance.cpp */; };
		B90806A828D815DE00BB12A5 /* Indent.cpp in Sources */ = {isa = PBXBuildFile; fileRef = B9E8FE9A28B42B11009558BB /* Indent.cpp */; };
		B9E8FE9228B426D8009558BB /* main.cpp in Sources */ = {isa = PBXBuildFile; fileRef = B9E8FE8528B4267A009558BB /* main.cpp */; };
/* End PBXBuildFile section */

/* Begin PBXContainerItemProxy section */
		B908069728D8145C00BB12A5 /* PBXContainerItemProxy */ = {
			isa = PBXContainerItemProxy;
			containerPortal = B9E8FE7528B42648009558BB /* Project object */;
			proxyType = 1;
			remoteGlobalIDString = B908069028D8144D00BB12A5;
			remoteInfo = IndentFloods;
		};
/* End PBXContainerItemProxy section */

/* Begin PBXCopyFilesBuildPhase section */
		B908068C28D813B100BB12A5 /* Embed Libraries */ = {
			isa = PBXCopyFilesBuildPhase;
			buildActionMask = 2147483647;
			dstPath = "";
			dstSubfolderSpec = 10;
			files = (
				B908069628D8145C00BB12A5 /* libIndentFloods.dylib in Embed Libraries */,
			);
			name = "Embed Libraries";
			runOnlyForDeploymentPostprocessing = 0;
		};
		B9E8FE8928B426C1009558BB /* CopyFiles */ = {
			isa = PBXCopyFilesBuildPhase;
			buildActionMask = 2147483647;
			dstPath = /usr/share/man/man1/;
			dstSubfolderSpec = 0;
			files = (
			);
			runOnlyForDeploymentPostprocessing = 1;
		};
/* End PBXCopyFilesBuildPhase section */

/* Begin PBXFileReference section */
		B908069128D8144D00BB12A5 /* libIndentFloods.dylib */ = {isa = PBXFileReference; explicitFileType = "compiled.mach-o.dylib"; includeInIndex = 0; path = libIndentFloods.dylib; sourceTree = BUILT_PRODUCTS_DIR; };
		B90806A128D815D700BB12A5 /* libIndentStd.dylib */ = {isa = PBXFileReference; explicitFileType = "compiled.mach-o.dylib"; includeInIndex = 0; path = libIndentStd.dylib; sourceTree = BUILT_PRODUCTS_DIR; };
		B93F76F628D7DB0600BAAF75 /* Indent.h */ = {isa = PBXFileReference; fileEncoding = 4; lastKnownFileType = sourcecode.c.h; path = Indent.h; sourceTree = "<group>"; };
		B93F76F728D7DB0600BAAF75 /* Allowance.h */ = {isa = PBXFileReference; fileEncoding = 4; lastKnownFileType = sourcecode.c.h; path = Allowance.h; sourceTree = "<group>"; };
		B93F76F828D7DB0600BAAF75 /* LineLength.h */ = {isa = PBXFileReference; fileEncoding = 4; lastKnownFileType = sourcecode.c.h; path = LineLength.h; sourceTree = "<group>"; };
		B93F76FA28D7DB0600BAAF75 /* Indent.h */ = {isa = PBXFileReference; fileEncoding = 4; lastKnownFileType = sourcecode.c.h; path = Indent.h; sourceTree = "<group>"; };
		B93F76FB28D7DB0600BAAF75 /* Allowance.h */ = {isa = PBXFileReference; fileEncoding = 4; lastKnownFileType = sourcecode.c.h; path = Allowance.h; sourceTree = "<group>"; };
		B93F76FC28D7DB0600BAAF75 /* LineLength.h */ = {isa = PBXFileReference; fileEncoding = 4; lastKnownFileType = sourcecode.c.h; path = LineLength.h; sourceTree = "<group>"; };
		B93F76FD28D7DB0600BAAF75 /* inserters.h */ = {isa = PBXFileReference; fileEncoding = 4; lastKnownFileType = sourcecode.c.h; path = inserters.h; sourceTree = "<group>"; };
		B93F76FF28D7DB0600BAAF75 /* audit.h */ = {isa = PBXFileReference; fileEncoding = 4; lastKnownFileType = sourcecode.c.h; path = audit.h; sourceTree = "<group>"; };
		B93F770028D7DB0600BAAF75 /* earlymacros.h */ = {isa = PBXFileReference; fileEncoding = 4; lastKnownFileType = sourcecode.c.h; path = earlymacros.h; sourceTree = "<group>"; };
		B93F770128D7DB0600BAAF75 /* settings.h */ = {isa = PBXFileReference; fileEncoding = 4; lastKnownFileType = sourcecode.c.h; path = settings.h; sourceTree = "<group>"; };
		B93F771428D7FB0000BAAF75 /* libFloods.dylib */ = {isa = PBXFileReference; explicitFileType = "compiled.mach-o.dylib"; path = libFloods.dylib; sourceTree = BUILT_PRODUCTS_DIR; };
		B9E8FE8528B4267A009558BB /* main.cpp */ = {isa = PBXFileReference; lastKnownFileType = sourcecode.cpp.cpp; path = main.cpp; sourceTree = "<group>"; };
		B9E8FE8B28B426C1009558BB /* IndentTest */ = {isa = PBXFileReference; explicitFileType = "compiled.mach-o.executable"; includeInIndex = 0; path = IndentTest; sourceTree = BUILT_PRODUCTS_DIR; };
		B9E8FE9728B42A65009558BB /* indent.h */ = {isa = PBXFileReference; lastKnownFileType = sourcecode.c.h; path = indent.h; sourceTree = "<group>"; };
		B9E8FE9A28B42B11009558BB /* Indent.cpp */ = {isa = PBXFileReference; lastKnownFileType = sourcecode.cpp.cpp; path = Indent.cpp; sourceTree = "<group>"; };
		B9E8FEB828B57C65009558BB /* LineLength.cpp */ = {isa = PBXFileReference; fileEncoding = 4; lastKnownFileType = sourcecode.cpp.cpp; path = LineLength.cpp; sourceTree = "<group>"; };
		B9E8FEBA28B57E8C009558BB /* Allowance.cpp */ = {isa = PBXFileReference; fileEncoding = 4; lastKnownFileType = sourcecode.cpp.cpp; path = Allowance.cpp; sourceTree = "<group>"; };
		B9E8FEBC28B5A7EB009558BB /* inserters.cpp */ = {isa = PBXFileReference; fileEncoding = 4; lastKnownFileType = sourcecode.cpp.cpp; path = inserters.cpp; sourceTree = "<group>"; };
		B9E8FEBF28B6E895009558BB /* readme.md */ = {isa = PBXFileReference; lastKnownFileType = net.daringfireball.markdown; name = readme.md; path = ../../readme.md; sourceTree = "<group>"; };
		B9E8FEC028B6EA88009558BB /* config.h */ = {isa = PBXFileReference; fileEncoding = 4; lastKnownFileType = sourcecode.c.h; path = config.h; sourceTree = "<group>"; };
/* End PBXFileReference section */

/* Begin PBXFrameworksBuildPhase section */
		B908068F28D8144D00BB12A5 /* Frameworks */ = {
			isa = PBXFrameworksBuildPhase;
			buildActionMask = 2147483647;
			files = (
			);
			runOnlyForDeploymentPostprocessing = 0;
		};
		B908069F28D815D700BB12A5 /* Frameworks */ = {
			isa = PBXFrameworksBuildPhase;
			buildActionMask = 2147483647;
			files = (
			);
			runOnlyForDeploymentPostprocessing = 0;
		};
		B9E8FE8828B426C1009558BB /* Frameworks */ = {
			isa = PBXFrameworksBuildPhase;
			buildActionMask = 2147483647;
			files = (
				B908069528D8145C00BB12A5 /* libIndentFloods.dylib in Frameworks */,
			);
			runOnlyForDeploymentPostprocessing = 0;
		};
/* End PBXFrameworksBuildPhase section */

/* Begin PBXGroup section */
		B93F76F328D7DB0600BAAF75 /* implementation */ = {
			isa = PBXGroup;
			children = (
				B93F76F428D7DB0600BAAF75 /* indent */,
				B93F76FE28D7DB0600BAAF75 /* config */,
			);
			path = implementation;
			sourceTree = "<group>";
		};
		B93F76F428D7DB0600BAAF75 /* indent */ = {
			isa = PBXGroup;
			children = (
				B93F76F928D7DB0600BAAF75 /* interfaces */,
				B93F76F528D7DB0600BAAF75 /* operations */,
			);
			path = indent;
			sourceTree = "<group>";
		};
		B93F76F528D7DB0600BAAF75 /* operations */ = {
			isa = PBXGroup;
			children = (
				B93F76F728D7DB0600BAAF75 /* Allowance.h */,
				B93F76F628D7DB0600BAAF75 /* Indent.h */,
				B93F76F828D7DB0600BAAF75 /* LineLength.h */,
			);
			path = operations;
			sourceTree = "<group>";
		};
		B93F76F928D7DB0600BAAF75 /* interfaces */ = {
			isa = PBXGroup;
			children = (
				B93F76FB28D7DB0600BAAF75 /* Allowance.h */,
				B93F76FA28D7DB0600BAAF75 /* Indent.h */,
				B93F76FD28D7DB0600BAAF75 /* inserters.h */,
				B93F76FC28D7DB0600BAAF75 /* LineLength.h */,
			);
			path = interfaces;
			sourceTree = "<group>";
		};
		B93F76FE28D7DB0600BAAF75 /* config */ = {
			isa = PBXGroup;
			children = (
				B93F76FF28D7DB0600BAAF75 /* audit.h */,
				B93F770028D7DB0600BAAF75 /* earlymacros.h */,
				B93F770128D7DB0600BAAF75 /* settings.h */,
			);
			path = config;
			sourceTree = "<group>";
		};
		B9E8FE7428B42648009558BB = {
			isa = PBXGroup;
			children = (
				B9E8FEBF28B6E895009558BB /* readme.md */,
				B9E8FEA428B43065009558BB /* Frameworks */,
				B9E8FE9328B42A3E009558BB /* include */,
				B9E8FE7E28B42648009558BB /* Products */,
				B9E8FE8428B42669009558BB /* src */,
				B9E8FEBE28B6E604009558BB /* test */,
			);
			sourceTree = "<group>";
		};
		B9E8FE7E28B42648009558BB /* Products */ = {
			isa = PBXGroup;
			children = (
				B9E8FE8B28B426C1009558BB /* IndentTest */,
				B908069128D8144D00BB12A5 /* libIndentFloods.dylib */,
				B90806A128D815D700BB12A5 /* libIndentStd.dylib */,
			);
			name = Products;
			sourceTree = "<group>";
		};
		B9E8FE8428B42669009558BB /* src */ = {
			isa = PBXGroup;
			children = (
				B9E8FE9628B42A57009558BB /* indent */,
			);
			name = src;
			path = ../../src;
			sourceTree = "<group>";
		};
		B9E8FE9328B42A3E009558BB /* include */ = {
			isa = PBXGroup;
			children = (
				B9E8FE9528B42A51009558BB /* indent */,
			);
			name = include;
			path = ../../include;
			sourceTree = "<group>";
		};
		B9E8FE9528B42A51009558BB /* indent */ = {
			isa = PBXGroup;
			children = (
				B93F76F328D7DB0600BAAF75 /* implementation */,
				B9E8FE9728B42A65009558BB /* indent.h */,
				B9E8FEC028B6EA88009558BB /* config.h */,
			);
			path = indent;
			sourceTree = "<group>";
		};
		B9E8FE9628B42A57009558BB /* indent */ = {
			isa = PBXGroup;
			children = (
				B9E8FE9A28B42B11009558BB /* Indent.cpp */,
				B9E8FEBC28B5A7EB009558BB /* inserters.cpp */,
				B9E8FEBA28B57E8C009558BB /* Allowance.cpp */,
				B9E8FEB828B57C65009558BB /* LineLength.cpp */,
			);
			path = indent;
			sourceTree = "<group>";
		};
		B9E8FEA428B43065009558BB /* Frameworks */ = {
			isa = PBXGroup;
			children = (
				B93F771428D7FB0000BAAF75 /* libFloods.dylib */,
			);
			name = Frameworks;
			sourceTree = "<group>";
		};
		B9E8FEBE28B6E604009558BB /* test */ = {
			isa = PBXGroup;
			children = (
				B9E8FE8528B4267A009558BB /* main.cpp */,
			);
			name = test;
			path = ../../test;
			sourceTree = "<group>";
		};
/* End PBXGroup section */

/* Begin PBXHeadersBuildPhase section */
		B908068D28D8144D00BB12A5 /* Headers */ = {
			isa = PBXHeadersBuildPhase;
			buildActionMask = 2147483647;
			files = (
			);
			runOnlyForDeploymentPostprocessing = 0;
		};
		B908069D28D815D700BB12A5 /* Headers */ = {
			isa = PBXHeadersBuildPhase;
			buildActionMask = 2147483647;
			files = (
			);
			runOnlyForDeploymentPostprocessing = 0;
		};
/* End PBXHeadersBuildPhase section */

/* Begin PBXNativeTarget section */
		B908069028D8144D00BB12A5 /* IndentFloods */ = {
			isa = PBXNativeTarget;
			buildConfigurationList = B908069228D8144D00BB12A5 /* Build configuration list for PBXNativeTarget "IndentFloods" */;
			buildPhases = (
				B908068D28D8144D00BB12A5 /* Headers */,
				B908068E28D8144D00BB12A5 /* Sources */,
				B908068F28D8144D00BB12A5 /* Frameworks */,
			);
			buildRules = (
			);
			dependencies = (
			);
			name = IndentFloods;
			productName = IndentFloods;
			productReference = B908069128D8144D00BB12A5 /* libIndentFloods.dylib */;
			productType = "com.apple.product-type.library.dynamic";
		};
		B90806A028D815D700BB12A5 /* IndentStd */ = {
			isa = PBXNativeTarget;
			buildConfigurationList = B90806A228D815D700BB12A5 /* Build configuration list for PBXNativeTarget "IndentStd" */;
			buildPhases = (
				B908069D28D815D700BB12A5 /* Headers */,
				B908069E28D815D700BB12A5 /* Sources */,
				B908069F28D815D700BB12A5 /* Frameworks */,
			);
			buildRules = (
			);
			dependencies = (
			);
			name = IndentStd;
			productName = IndentStd;
			productReference = B90806A128D815D700BB12A5 /* libIndentStd.dylib */;
			productType = "com.apple.product-type.library.dynamic";
		};
		B9E8FE8A28B426C1009558BB /* IndentTest */ = {
			isa = PBXNativeTarget;
			buildConfigurationList = B9E8FE8F28B426C1009558BB /* Build configuration list for PBXNativeTarget "IndentTest" */;
			buildPhases = (
				B9E8FE8728B426C1009558BB /* Sources */,
				B9E8FE8828B426C1009558BB /* Frameworks */,
				B9E8FE8928B426C1009558BB /* CopyFiles */,
				B908068C28D813B100BB12A5 /* Embed Libraries */,
			);
			buildRules = (
			);
			dependencies = (
				B908069828D8145C00BB12A5 /* PBXTargetDependency */,
			);
			name = IndentTest;
			productName = Test;
			productReference = B9E8FE8B28B426C1009558BB /* IndentTest */;
			productType = "com.apple.product-type.tool";
		};
/* End PBXNativeTarget section */

/* Begin PBXProject section */
		B9E8FE7528B42648009558BB /* Project object */ = {
			isa = PBXProject;
			attributes = {
				BuildIndependentTargetsInParallel = 1;
				LastUpgradeCheck = 1400;
				TargetAttributes = {
					B908069028D8144D00BB12A5 = {
						CreatedOnToolsVersion = 14.0;
					};
					B90806A028D815D700BB12A5 = {
						CreatedOnToolsVersion = 14.0;
					};
					B9E8FE8A28B426C1009558BB = {
						CreatedOnToolsVersion = 13.4.1;
					};
				};
			};
			buildConfigurationList = B9E8FE7828B42648009558BB /* Build configuration list for PBXProject "Indent" */;
			compatibilityVersion = "Xcode 13.0";
			developmentRegion = en;
			hasScannedForEncodings = 0;
			knownRegions = (
				en,
				Base,
			);
			mainGroup = B9E8FE7428B42648009558BB;
			productRefGroup = B9E8FE7E28B42648009558BB /* Products */;
			projectDirPath = "";
			projectRoot = "";
			targets = (
				B9E8FE8A28B426C1009558BB /* IndentTest */,
				B908069028D8144D00BB12A5 /* IndentFloods */,
				B90806A028D815D700BB12A5 /* IndentStd */,
			);
		};
/* End PBXProject section */

/* Begin PBXSourcesBuildPhase section */
		B908068E28D8144D00BB12A5 /* Sources */ = {
			isa = PBXSourcesBuildPhase;
			buildActionMask = 2147483647;
			files = (
				B908069928D815C100BB12A5 /* LineLength.cpp in Sources */,
				B908069C28D815C100BB12A5 /* inserters.cpp in Sources */,
				B908069A28D815C100BB12A5 /* Indent.cpp in Sources */,
				B908069B28D815C100BB12A5 /* Allowance.cpp in Sources */,
			);
			runOnlyForDeploymentPostprocessing = 0;
		};
		B908069E28D815D700BB12A5 /* Sources */ = {
			isa = PBXSourcesBuildPhase;
			buildActionMask = 2147483647;
			files = (
				B90806A528D815DE00BB12A5 /* inserters.cpp in Sources */,
				B90806A828D815DE00BB12A5 /* Indent.cpp in Sources */,
				B90806A628D815DE00BB12A5 /* LineLength.cpp in Sources */,
				B90806A728D815DE00BB12A5 /* Allowance.cpp in Sources */,
			);
			runOnlyForDeploymentPostprocessing = 0;
		};
		B9E8FE8728B426C1009558BB /* Sources */ = {
			isa = PBXSourcesBuildPhase;
			buildActionMask = 2147483647;
			files = (
				B9E8FE9228B426D8009558BB /* main.cpp in Sources */,
			);
			runOnlyForDeploymentPostprocessing = 0;
		};
/* End PBXSourcesBuildPhase section */

/* Begin PBXTargetDependency section */
		B908069828D8145C00BB12A5 /* PBXTargetDependency */ = {
			isa = PBXTargetDependency;
			target = B908069028D8144D00BB12A5 /* IndentFloods */;
			targetProxy = B908069728D8145C00BB12A5 /* PBXContainerItemProxy */;
		};
/* End PBXTargetDependency section */

/* Begin XCBuildConfiguration section */
		B908069328D8144D00BB12A5 /* Debug */ = {
			isa = XCBuildConfiguration;
			buildSettings = {
				CLANG_CXX_LANGUAGE_STANDARD = "gnu++20";
				CODE_SIGN_STYLE = Automatic;
				DYLIB_COMPATIBILITY_VERSION = 1;
				DYLIB_CURRENT_VERSION = 1;
				EXECUTABLE_PREFIX = lib;
				PRODUCT_NAME = "$(TARGET_NAME)";
				SKIP_INSTALL = YES;
			};
			name = Debug;
		};
		B908069428D8144D00BB12A5 /* Release */ = {
			isa = XCBuildConfiguration;
			buildSettings = {
				CLANG_CXX_LANGUAGE_STANDARD = "gnu++20";
				CODE_SIGN_STYLE = Automatic;
				DYLIB_COMPATIBILITY_VERSION = 1;
				DYLIB_CURRENT_VERSION = 1;
				EXECUTABLE_PREFIX = lib;
				PRODUCT_NAME = "$(TARGET_NAME)";
				SKIP_INSTALL = YES;
			};
			name = Release;
		};
		B90806A328D815D700BB12A5 /* Debug */ = {
			isa = XCBuildConfiguration;
			buildSettings = {
				CLANG_CXX_LANGUAGE_STANDARD = "gnu++20";
				CODE_SIGN_STYLE = Automatic;
				DYLIB_COMPATIBILITY_VERSION = 1;
				DYLIB_CURRENT_VERSION = 1;
				EXECUTABLE_PREFIX = lib;
				PRODUCT_NAME = "$(TARGET_NAME)";
				SKIP_INSTALL = YES;
			};
			name = Debug;
		};
		B90806A428D815D700BB12A5 /* Release */ = {
			isa = XCBuildConfiguration;
			buildSettings = {
				CLANG_CXX_LANGUAGE_STANDARD = "gnu++20";
				CODE_SIGN_STYLE = Automatic;
				DYLIB_COMPATIBILITY_VERSION = 1;
				DYLIB_CURRENT_VERSION = 1;
				EXECUTABLE_PREFIX = lib;
				PRODUCT_NAME = "$(TARGET_NAME)";
				SKIP_INSTALL = YES;
			};
			name = Release;
		};
		B9E8FE7F28B42648009558BB /* Debug */ = {
			isa = XCBuildConfiguration;
			buildSettings = {
				ALWAYS_SEARCH_USER_PATHS = NO;
				CLANG_ANALYZER_NONNULL = YES;
				CLANG_ANALYZER_NUMBER_OBJECT_CONVERSION = YES_AGGRESSIVE;
				CLANG_CXX_LANGUAGE_STANDARD = "gnu++17";
				CLANG_ENABLE_MODULES = YES;
				CLANG_ENABLE_OBJC_ARC = YES;
				CLANG_ENABLE_OBJC_WEAK = YES;
				CLANG_WARN_BLOCK_CAPTURE_AUTORELEASING = YES;
				CLANG_WARN_BOOL_CONVERSION = YES;
				CLANG_WARN_COMMA = YES;
				CLANG_WARN_CONSTANT_CONVERSION = YES;
				CLANG_WARN_DEPRECATED_OBJC_IMPLEMENTATIONS = YES;
				CLANG_WARN_DIRECT_OBJC_ISA_USAGE = YES_ERROR;
				CLANG_WARN_DOCUMENTATION_COMMENTS = YES;
				CLANG_WARN_EMPTY_BODY = YES;
				CLANG_WARN_ENUM_CONVERSION = YES;
				CLANG_WARN_INFINITE_RECURSION = YES;
				CLANG_WARN_INT_CONVERSION = YES;
				CLANG_WARN_NON_LITERAL_NULL_CONVERSION = YES;
				CLANG_WARN_OBJC_IMPLICIT_RETAIN_SELF = YES;
				CLANG_WARN_OBJC_LITERAL_CONVERSION = YES;
				CLANG_WARN_OBJC_ROOT_CLASS = YES_ERROR;
				CLANG_WARN_QUOTED_INCLUDE_IN_FRAMEWORK_HEADER = YES;
				CLANG_WARN_RANGE_LOOP_ANALYSIS = YES;
				CLANG_WARN_STRICT_PROTOTYPES = YES;
				CLANG_WARN_SUSPICIOUS_MOVE = YES;
				CLANG_WARN_UNGUARDED_AVAILABILITY = YES_AGGRESSIVE;
				CLANG_WARN_UNREACHABLE_CODE = YES;
				CLANG_WARN__DUPLICATE_METHOD_MATCH = YES;
				COPY_PHASE_STRIP = NO;
				DEAD_CODE_STRIPPING = YES;
				DEBUG_INFORMATION_FORMAT = dwarf;
				ENABLE_STRICT_OBJC_MSGSEND = YES;
				ENABLE_TESTABILITY = YES;
				GCC_C_LANGUAGE_STANDARD = gnu11;
				GCC_DYNAMIC_NO_PIC = NO;
				GCC_NO_COMMON_BLOCKS = YES;
				GCC_OPTIMIZATION_LEVEL = 0;
				GCC_PREPROCESSOR_DEFINITIONS = (
					"DEBUG=1",
					"$(inherited)",
				);
				GCC_WARN_64_TO_32_BIT_CONVERSION = YES;
				GCC_WARN_ABOUT_RETURN_TYPE = YES_ERROR;
				GCC_WARN_UNDECLARED_SELECTOR = YES;
				GCC_WARN_UNINITIALIZED_AUTOS = YES_AGGRESSIVE;
				GCC_WARN_UNUSED_FUNCTION = YES;
				GCC_WARN_UNUSED_VARIABLE = YES;
				MACOSX_DEPLOYMENT_TARGET = 12.3;
				MTL_ENABLE_DEBUG_INFO = INCLUDE_SOURCE;
				MTL_FAST_MATH = YES;
				ONLY_ACTIVE_ARCH = YES;
				SDKROOT = macosx;
				USER_HEADER_SEARCH_PATHS = "$(PROJECT_DIR)/../../include";
			};
			name = Debug;
		};
		B9E8FE8028B42648009558BB /* Release */ = {
			isa = XCBuildConfiguration;
			buildSettings = {
				ALWAYS_SEARCH_USER_PATHS = NO;
				CLANG_ANALYZER_NONNULL = YES;
				CLANG_ANALYZER_NUMBER_OBJECT_CONVERSION = YES_AGGRESSIVE;
				CLANG_CXX_LANGUAGE_STANDARD = "gnu++17";
				CLANG_ENABLE_MODULES = YES;
				CLANG_ENABLE_OBJC_ARC = YES;
				CLANG_ENABLE_OBJC_WEAK = YES;
				CLANG_WARN_BLOCK_CAPTURE_AUTORELEASING = YES;
				CLANG_WARN_BOOL_CONVERSION = YES;
				CLANG_WARN_COMMA = YES;
				CLANG_WARN_CONSTANT_CONVERSION = YES;
				CLANG_WARN_DEPRECATED_OBJC_IMPLEMENTATIONS = YES;
				CLANG_WARN_DIRECT_OBJC_ISA_USAGE = YES_ERROR;
				CLANG_WARN_DOCUMENTATION_COMMENTS = YES;
				CLANG_WARN_EMPTY_BODY = YES;
				CLANG_WARN_ENUM_CONVERSION = YES;
				CLANG_WARN_INFINITE_RECURSION = YES;
				CLANG_WARN_INT_CONVERSION = YES;
				CLANG_WARN_NON_LITERAL_NULL_CONVERSION = YES;
				CLANG_WARN_OBJC_IMPLICIT_RETAIN_SELF = YES;
				CLANG_WARN_OBJC_LITERAL_CONVERSION = YES;
				CLANG_WARN_OBJC_ROOT_CLASS = YES_ERROR;
				CLANG_WARN_QUOTED_INCLUDE_IN_FRAMEWORK_HEADER = YES;
				CLANG_WARN_RANGE_LOOP_ANALYSIS = YES;
				CLANG_WARN_STRICT_PROTOTYPES = YES;
				CLANG_WARN_SUSPICIOUS_MOVE = YES;
				CLANG_WARN_UNGUARDED_AVAILABILITY = YES_AGGRESSIVE;
				CLANG_WARN_UNREACHABLE_CODE = YES;
				CLANG_WARN__DUPLICATE_METHOD_MATCH = YES;
				COPY_PHASE_STRIP = NO;
				DEAD_CODE_STRIPPING = YES;
				DEBUG_INFORMATION_FORMAT = "dwarf-with-dsym";
				ENABLE_NS_ASSERTIONS = NO;
				ENABLE_STRICT_OBJC_MSGSEND = YES;
				GCC_C_LANGUAGE_STANDARD = gnu11;
				GCC_NO_COMMON_BLOCKS = YES;
				GCC_WARN_64_TO_32_BIT_CONVERSION = YES;
				GCC_WARN_ABOUT_RETURN_TYPE = YES_ERROR;
				GCC_WARN_UNDECLARED_SELECTOR = YES;
				GCC_WARN_UNINITIALIZED_AUTOS = YES_AGGRESSIVE;
				GCC_WARN_UNUSED_FUNCTION = YES;
				GCC_WARN_UNUSED_VARIABLE = YES;
				MACOSX_DEPLOYMENT_TARGET = 12.3;
				MTL_ENABLE_DEBUG_INFO = NO;
				MTL_FAST_MATH = YES;
				SDKROOT = macosx;
				USER_HEADER_SEARCH_PATHS = "$(PROJECT_DIR)/../../include";
			};
			name = Release;
		};
		B9E8FE9028B426C1009558BB /* Debug */ = {
			isa = XCBuildConfiguration;
			buildSettings = {
				CODE_SIGN_IDENTITY = "-";
				CODE_SIGN_STYLE = Automatic;
				DEAD_CODE_STRIPPING = YES;
				PRODUCT_NAME = "$(TARGET_NAME)";
			};
			name = Debug;
		};
		B9E8FE9128B426C1009558BB /* Release */ = {
			isa = XCBuildConfiguration;
			buildSettings = {
				CODE_SIGN_IDENTITY = "-";
				CODE_SIGN_STYLE = Automatic;
				DEAD_CODE_STRIPPING = YES;
				PRODUCT_NAME = "$(TARGET_NAME)";
			};
			name = Release;
		};
/* End XCBuildConfiguration section */

/* Begin XCConfigurationList section */
		B908069228D8144D00BB12A5 /* Build configuration list for PBXNativeTarget "IndentFloods" */ = {
			isa = XCConfigurationList;
			buildConfigurations = (
				B908069328D8144D00BB12A5 /* Debug */,
				B908069428D8144D00BB12A5 /* Release */,
			);
			defaultConfigurationIsVisible = 0;
			defaultConfigurationName = Release;
		};
		B90806A228D815D700BB12A5 /* Build configuration list for PBXNativeTarget "IndentStd" */ = {
			isa = XCConfigurationList;
			buildConfigurations = (
				B90806A328D815D700BB12A5 /* Debug */,
				B90806A428D815D700BB12A5 /* Release */,
			);
			defaultConfigurationIsVisible = 0;
			defaultConfigurationName = Release;
		};
		B9E8FE7828B42648009558BB /* Build configuration list for PBXProject "Indent" */ = {
			isa = XCConfigurationList;
			buildConfigurations = (
				B9E8FE7F28B42648009558BB /* Debug */,
				B9E8FE8028B42648009558BB /* Release */,
			);
			defaultConfigurationIsVisible = 0;
			defaultConfigurationName = Release;
		};
		B9E8FE8F28B426C1009558BB /* Build configuration list for PBXNativeTarget "IndentTest" */ = {
			isa = XCConfigurationList;
			buildConfigurations = (
				B9E8FE9028B426C1009558BB /* Debug */,
				B9E8FE9128B426C1009558BB /* Release */,
			);
			defaultConfigurationIsVisible = 0;
			defaultConfigurationName = Release;
		};
/* End XCConfigurationList section */
	};
	rootObject = B9E8FE7528B42648009558BB /* Project object */;
}
